{
  "pins" : [
    {
      "identity" : "jtapplecalendar",
      "kind" : "remoteSourceControl",
      "location" : "https://github.com/RedAirship/JTAppleCalendar.git",
      "state" : {
        "branch" : "master",
        "revision" : "61c7128ad3c68e1af42b5de37ab82a416f9ca0c5"
      }
    },
    {
      "identity" : "lottie-ios",
      "kind" : "remoteSourceControl",
      "location" : "https://github.com/airbnb/lottie-ios.git",
      "state" : {
        "revision" : "4a6058cbbdfe4f74aeae92c8bd51ad3b0de2a1ee",
        "version" : "3.3.0"
      }
    },
    {
      "identity" : "ocbc-components-ios",
      "kind" : "remoteSourceControl",
      "location" : "https://gitlab.redairship.tech/ocbc-frank/ocbc-components-ios.git",
      "state" : {
        "branch" : "dev",
        "revision" : "f37fe5a193aeee8498f29d9fcafc43a1fe4a38e9"
      }
    },
    {
      "identity" : "swifttheme",
      "kind" : "remoteSourceControl",
      "location" : "https://github.com/RedAirship/SwiftTheme.git",
      "state" : {
        "branch" : "master",
        "revision" : "fd8d78d188a5f8d81d5cdf4866d913f5850c1dc6"
      }
    }
  ],
  "version" : 2
}
